{
  "requires": true,
  "lockfileVersion": 1,
  "dependencies": {
    "react-native-css-vh-vw": {
      "version": "1.0.5",
      "resolved": "https://registry.npmjs.org/react-native-css-vh-vw/-/react-native-css-vh-vw-1.0.5.tgz",
      "integrity": "sha512-pY0gIB1xc1xLp3VH6mji7zHfiOc7BpFFCtOTpMeyjfoQ4CacmcCD6vTZuM2ReuK+oXdWrbx7CquTHxl44aHcBA=="
    }
  }
}
